<Solution>
  <Project Path="EquipTrack.Api/EquipTrack.Api.csproj" />
  <Project Path="EquipTrack.Application/EquipTrack.Application.csproj" />
  <Project Path="EquipTrack.Domain.Tests/EquipTrack.Domain.Tests.csproj" />
  <Project Path="EquipTrack.Domain/EquipTrack.Domain.csproj" />
  <Project Path="EquipTrack.Infrastructure/EquipTrack.Infrastructure.csproj" />
</Solution>
